
Microsoft Visual Studio Solution File, Format Version 12.00
# Visual Studio Version 16
VisualStudioVersion = 16.0.30804.86
MinimumVisualStudioVersion = 10.0.40219.1
Project("{9A19103F-16F7-4668-BE54-9A1E7A4F7556}") = "ultra-comment-viewer", "ultra-comment-viewer\ultra-comment-viewer.csproj", "{0672D046-936D-42F0-807F-CAF5E0FF1A9D}"
EndProject
Project("{FAE04EC0-301F-11D3-BF4B-00C04F79EFBC}") = "ultra-comment-viewer-test", "ultra-comment-viewer-test\ultra-comment-viewer-test.csproj", "{8C28A286-85BF-4981-9FD9-4CA3467B9721}"
EndProject
Global
	GlobalSection(SolutionConfigurationPlatforms) = preSolution
		Debug|Any CPU = Debug|Any CPU
		Release|Any CPU = Release|Any CPU
	EndGlobalSection
	GlobalSection(ProjectConfigurationPlatforms) = postSolution
		{0672D046-936D-42F0-807F-CAF5E0FF1A9D}.Debug|Any CPU.ActiveCfg = Debug|Any CPU
		{0672D046-936D-42F0-807F-CAF5E0FF1A9D}.Debug|Any CPU.Build.0 = Debug|Any CPU
		{0672D046-936D-42F0-807F-CAF5E0FF1A9D}.Release|Any CPU.ActiveCfg = Release|Any CPU
		{0672D046-936D-42F0-807F-CAF5E0FF1A9D}.Release|Any CPU.Build.0 = Release|Any CPU
		{8C28A286-85BF-4981-9FD9-4CA3467B9721}.Debug|Any CPU.ActiveCfg = Debug|Any CPU
		{8C28A286-85BF-4981-9FD9-4CA3467B9721}.Debug|Any CPU.Build.0 = Debug|Any CPU
		{8C28A286-85BF-4981-9FD9-4CA3467B9721}.Release|Any CPU.ActiveCfg = Release|Any CPU
		{8C28A286-85BF-4981-9FD9-4CA3467B9721}.Release|Any CPU.Build.0 = Release|Any CPU
	EndGlobalSection
	GlobalSection(SolutionProperties) = preSolution
		HideSolutionNode = FALSE
	EndGlobalSection
	GlobalSection(ExtensibilityGlobals) = postSolution
		SolutionGuid = {CAAC9734-B276-4EB9-B366-54C998B443A2}
	EndGlobalSection
EndGlobal
